
Microsoft Visual Studio Solution File, Format Version 12.00
# Visual Studio Version 16
VisualStudioVersion = 16.0.30204.135
MinimumVisualStudioVersion = 10.0.40219.1
Project("{FAE04EC0-301F-11D3-BF4B-00C04F79EFBC}") = "Perma", "Perma.csproj", "{A6B00E47-5DC0-47FC-B13D-97F1AE97D1D1}"
EndProject
Global
	GlobalSection(SolutionConfigurationPlatforms) = preSolution
		Debug|Any CPU = Debug|Any CPU
		Release|Any CPU = Release|Any CPU
	EndGlobalSection
	GlobalSection(ProjectConfigurationPlatforms) = postSolution
		{A6B00E47-5DC0-47FC-B13D-97F1AE97D1D1}.Debug|Any CPU.ActiveCfg = Debug|Any CPU
		{A6B00E47-5DC0-47FC-B13D-97F1AE97D1D1}.Debug|Any CPU.Build.0 = Debug|Any CPU
		{A6B00E47-5DC0-47FC-B13D-97F1AE97D1D1}.Release|Any CPU.ActiveCfg = Release|Any CPU
		{A6B00E47-5DC0-47FC-B13D-97F1AE97D1D1}.Release|Any CPU.Build.0 = Release|Any CPU
	EndGlobalSection
	GlobalSection(SolutionProperties) = preSolution
		HideSolutionNode = FALSE
	EndGlobalSection
	GlobalSection(ExtensibilityGlobals) = postSolution
		SolutionGuid = {2452A4C9-58C3-4C79-9E07-0567A2DCDCCA}
	EndGlobalSection
EndGlobal
